{
	"name": "TsPlayground",
	"version": "0.0.1",
	"lockfileVersion": 1,
	"requires": true,
	"dependencies": {
		"@types/jest": {
			"version": "21.1.8",
			"resolved": "https://registry.npmjs.org/@types/jest/-/jest-21.1.8.tgz",
			"integrity": "sha512-hQbL8aBM/g5S++sM1gb4yC73Dg+FK3uYE+Ioht1RPy629+LV/RmH6q+e+jbQEwKJdWAP/YE4s67CPO+ElkMivg==",
			"dev": true
		},
		"@types/react": {
			"version": "16.0.25",
			"resolved": "https://registry.npmjs.org/@types/react/-/react-16.0.25.tgz",
			"integrity": "sha512-K79zMwWRzQ2db+nPoKpi3gA/KmLo6ZQgT4iO2QPEUdBO7as0PcgrmU9KHYzIO3V6lbD7gRjOM0/nUch6xBfOvQ==",
			"dev": true
		},
		"@types/react-native": {
			"version": "0.50.7",
			"resolved": "https://registry.npmjs.org/@types/react-native/-/react-native-0.50.7.tgz",
			"integrity": "sha512-UB51+5VdLlq5hilr0oSOPiwCTNFSMTew7A1mOwvNzuLfQbpd8utoDpaYhOJ4zzVGX9Pi6kqGWTDFWx2mI8Cf/w==",
			"dev": true,
			"requires": {
				"@types/react": "16.0.25"
			}
		}
	}
}
